<?xml version="1.0" encoding="utf-8"?>
<Project ToolsVersion="4.0" xmlns="http://schemas.microsoft.com/developer/msbuild/2003">
  <ItemGroup>
    <Filter Include="源文件">
      <UniqueIdentifier>{4FC737F1-C7A5-4376-A066-2A32D752A2FF}</UniqueIdentifier>
      <Extensions>cpp;c;cc;cxx;def;odl;idl;hpj;bat;asm;asmx</Extensions>
    </Filter>
    <Filter Include="头文件">
      <UniqueIdentifier>{93995380-89BD-4b04-88EB-625FBE52EBFB}</UniqueIdentifier>
      <Extensions>h;hpp;hxx;hm;inl;inc;xsd</Extensions>
    </Filter>
    <Filter Include="资源文件">
      <UniqueIdentifier>{67DA6AB6-F800-4c08-8B7A-83BB121AAD01}</UniqueIdentifier>
      <Extensions>rc;ico;cur;bmp;dlg;rc2;rct;bin;rgs;gif;jpg;jpeg;jpe;resx;tiff;tif;png;wav;mfcribbon-ms</Extensions>
    </Filter>
  </ItemGroup>
  <ItemGroup>
    <None Include="ReadMe.txt" />
    <None Include="DriverAdaptorPlatfrom.def">
      <Filter>源文件</Filter>
    </None>
    <None Include="DriverAdaptorPlatfrom.ico">
      <Filter>资源文件</Filter>
    </None>
    <None Include="DriverAdaptorPlatfromCtrl.bmp">
      <Filter>资源文件</Filter>
    </None>
    <None Include="C:\Users\Administrator\Desktop\btn\btn\箭头\上.bmp">
      <Filter>资源文件</Filter>
    </None>
    <None Include="C:\Users\Administrator\Desktop\btn\箭头\上.png">
      <Filter>资源文件</Filter>
    </None>
    <None Include="C:\Users\Administrator\Desktop\btn\箭头\下.png">
      <Filter>资源文件</Filter>
    </None>
    <None Include="C:\Users\Administrator\Desktop\btn\箭头\右.png">
      <Filter>资源文件</Filter>
    </None>
    <None Include="C:\Users\Administrator\Desktop\btn\箭头\右上.png">
      <Filter>资源文件</Filter>
    </None>
    <None Include="C:\Users\Administrator\Desktop\btn\箭头\右下.png">
      <Filter>资源文件</Filter>
    </None>
    <None Include="C:\Users\Administrator\Desktop\btn\箭头\左.png">
      <Filter>资源文件</Filter>
    </None>
    <None Include="C:\Users\Administrator\Desktop\btn\箭头\左上.png">
      <Filter>资源文件</Filter>
    </None>
    <None Include="C:\Users\Administrator\Desktop\btn\箭头\左下.png">
      <Filter>资源文件</Filter>
    </None>
    <None Include="C:\Users\Administrator\Desktop\btn\图标\常规\Back.png">
      <Filter>资源文件</Filter>
    </None>
    <None Include="C:\Users\Administrator\Desktop\btn\图标\常规\camera.png">
      <Filter>资源文件</Filter>
    </None>
    <None Include="C:\Users\Administrator\Desktop\btn\图标\常规\enlarge.png">
      <Filter>资源文件</Filter>
    </None>
    <None Include="C:\Users\Administrator\Desktop\btn\图标\常规\MICROPHONE .png">
      <Filter>资源文件</Filter>
    </None>
    <None Include="C:\Users\Administrator\Desktop\btn\图标\常规\shipin.png">
      <Filter>资源文件</Filter>
    </None>
    <None Include="C:\Users\Administrator\Desktop\btn\图标\常规\Zoom out place.png">
      <Filter>资源文件</Filter>
    </None>
    <None Include="C:\Users\Administrator\Desktop\btn\图标\delete.png">
      <Filter>资源文件</Filter>
    </None>
  </ItemGroup>
  <ItemGroup>
    <ClCompile Include="stdafx.cpp">
      <Filter>源文件</Filter>
    </ClCompile>
    <ClCompile Include="DriverAdaptorPlatfrom.cpp">
      <Filter>源文件</Filter>
    </ClCompile>
    <ClCompile Include="DriverAdaptorPlatfromCtrl.cpp">
      <Filter>源文件</Filter>
    </ClCompile>
    <ClCompile Include="DriverAdaptorPlatfromPropPage.cpp">
      <Filter>源文件</Filter>
    </ClCompile>
    <ClCompile Include="GdipButton.cpp">
      <Filter>源文件</Filter>
    </ClCompile>
    <ClCompile Include="IDriverAdaptorPlatfrom.cpp">
      <Filter>源文件</Filter>
    </ClCompile>
    <ClCompile Include="DlgOutput.cpp">
      <Filter>源文件</Filter>
    </ClCompile>
    <ClCompile Include="..\..\Utils\JavaScriptStringParam.cpp">
      <Filter>源文件</Filter>
    </ClCompile>
    <ClCompile Include="..\..\Utils\Utils.cpp">
      <Filter>源文件</Filter>
    </ClCompile>
  </ItemGroup>
  <ItemGroup>
    <ClInclude Include="stdafx.h">
      <Filter>头文件</Filter>
    </ClInclude>
    <ClInclude Include="targetver.h">
      <Filter>头文件</Filter>
    </ClInclude>
    <ClInclude Include="DriverAdaptorPlatfrom.h">
      <Filter>头文件</Filter>
    </ClInclude>
    <ClInclude Include="Resource.h">
      <Filter>头文件</Filter>
    </ClInclude>
    <ClInclude Include="DriverAdaptorPlatfromCtrl.h">
      <Filter>头文件</Filter>
    </ClInclude>
    <ClInclude Include="DriverAdaptorPlatfromPropPage.h">
      <Filter>头文件</Filter>
    </ClInclude>
    <ClInclude Include="CGdiPlusBitmap.h">
      <Filter>头文件</Filter>
    </ClInclude>
    <ClInclude Include="GdipButton.h">
      <Filter>头文件</Filter>
    </ClInclude>
    <ClInclude Include="IDriverAdaptorPlatfrom.h">
      <Filter>头文件</Filter>
    </ClInclude>
    <ClInclude Include="MemDC.h">
      <Filter>头文件</Filter>
    </ClInclude>
    <ClInclude Include="DlgOutput.h">
      <Filter>头文件</Filter>
    </ClInclude>
    <ClInclude Include="..\..\Utils\JavaScriptStringParam.h">
      <Filter>头文件</Filter>
    </ClInclude>
    <ClInclude Include="..\..\Utils\Utils.h">
      <Filter>头文件</Filter>
    </ClInclude>
  </ItemGroup>
  <ItemGroup>
    <ResourceCompile Include="DriverAdaptorPlatfrom.rc">
      <Filter>资源文件</Filter>
    </ResourceCompile>
  </ItemGroup>
  <ItemGroup>
    <Midl Include="DriverAdaptorPlatfrom.idl">
      <Filter>源文件</Filter>
    </Midl>
  </ItemGroup>
</Project>